// !$*UTF8*$!
{
	archiveVersion = 1;
	classes = {
	};
	objectVersion = 46;
	objects = {

/* Begin PBXBuildFile section */
		09C5868018D09CD70023F613 /* Foundation.framework in Frameworks */ = {isa = PBXBuildFile; fileRef = 09C5867F18D09CD70023F613 /* Foundation.framework */; };
		09C5868218D09CD70023F613 /* CoreGraphics.framework in Frameworks */ = {isa = PBXBuildFile; fileRef = 09C5868118D09CD70023F613 /* CoreGraphics.framework */; };
		09C5868418D09CD70023F613 /* UIKit.framework in Frameworks */ = {isa = PBXBuildFile; fileRef = 09C5868318D09CD70023F613 /* UIKit.framework */; };
		09C5868A18D09CD70023F613 /* InfoPlist.strings in Resources */ = {isa = PBXBuildFile; fileRef = 09C5868818D09CD70023F613 /* InfoPlist.strings */; };
		09C5868C18D09CD70023F613 /* main.m in Sources */ = {isa = PBXBuildFile; fileRef = 09C5868B18D09CD70023F613 /* main.m */; };
		09C5869018D09CD70023F613 /* AppDelegate.m in Sources */ = {isa = PBXBuildFile; fileRef = 09C5868F18D09CD70023F613 /* AppDelegate.m */; };
		09C5869318D09CD70023F613 /* Main_iPhone.storyboard in Resources */ = {isa = PBXBuildFile; fileRef = 09C5869118D09CD70023F613 /* Main_iPhone.storyboard */; };
		09C5869618D09CD70023F613 /* Main_iPad.storyboard in Resources */ = {isa = PBXBuildFile; fileRef = 09C5869418D09CD70023F613 /* Main_iPad.storyboard */; };
		09C5869918D09CD70023F613 /* ViewController.m in Sources */ = {isa = PBXBuildFile; fileRef = 09C5869818D09CD70023F613 /* ViewController.m */; };
		09C5869B18D09CD70023F613 /* Images.xcassets in Resources */ = {isa = PBXBuildFile; fileRef = 09C5869A18D09CD70023F613 /* Images.xcassets */; };
		09C586A218D09CD70023F613 /* XCTest.framework in Frameworks */ = {isa = PBXBuildFile; fileRef = 09C586A118D09CD70023F613 /* XCTest.framework */; };
		09C586A318D09CD70023F613 /* Foundation.framework in Frameworks */ = {isa = PBXBuildFile; fileRef = 09C5867F18D09CD70023F613 /* Foundation.framework */; };
		09C586A418D09CD70023F613 /* UIKit.framework in Frameworks */ = {isa = PBXBuildFile; fileRef = 09C5868318D09CD70023F613 /* UIKit.framework */; };
		09C586AC18D09CD70023F613 /* InfoPlist.strings in Resources */ = {isa = PBXBuildFile; fileRef = 09C586AA18D09CD70023F613 /* InfoPlist.strings */; };
		09C586AE18D09CD70023F613 /* MonthSelectorDemoTests.m in Sources */ = {isa = PBXBuildFile; fileRef = 09C586AD18D09CD70023F613 /* MonthSelectorDemoTests.m */; };
		09C586B918D09E7D0023F613 /* MonthSelector.m in Sources */ = {isa = PBXBuildFile; fileRef = 09C586B818D09E7D0023F613 /* MonthSelector.m */; };
		09C586BC18D09F640023F613 /* QuartzCore.framework in Frameworks */ = {isa = PBXBuildFile; fileRef = 09C586BB18D09F640023F613 /* QuartzCore.framework */; };
/* End PBXBuildFile section */

/* Begin PBXContainerItemProxy section */
		09C586A518D09CD70023F613 /* PBXContainerItemProxy */ = {
			isa = PBXContainerItemProxy;
			containerPortal = 09C5867418D09CD70023F613 /* Project object */;
			proxyType = 1;
			remoteGlobalIDString = 09C5867B18D09CD70023F613;
			remoteInfo = MonthSelectorDemo;
		};
/* End PBXContainerItemProxy section */

/* Begin PBXFileReference section */
		09C5867C18D09CD70023F613 /* MonthSelectorDemo.app */ = {isa = PBXFileReference; explicitFileType = wrapper.application; includeInIndex = 0; path = MonthSelectorDemo.app; sourceTree = BUILT_PRODUCTS_DIR; };
		09C5867F18D09CD70023F613 /* Foundation.framework */ = {isa = PBXFileReference; lastKnownFileType = wrapper.framework; name = Foundation.framework; path = System/Library/Frameworks/Foundation.framework; sourceTree = SDKROOT; };
		09C5868118D09CD70023F613 /* CoreGraphics.framework */ = {isa = PBXFileReference; lastKnownFileType = wrapper.framework; name = CoreGraphics.framework; path = System/Library/Frameworks/CoreGraphics.framework; sourceTree = SDKROOT; };
		09C5868318D09CD70023F613 /* UIKit.framework */ = {isa = PBXFileReference; lastKnownFileType = wrapper.framework; name = UIKit.framework; path = System/Library/Frameworks/UIKit.framework; sourceTree = SDKROOT; };
		09C5868718D09CD70023F613 /* MonthSelectorDemo-Info.plist */ = {isa = PBXFileReference; lastKnownFileType = text.plist.xml; path = "MonthSelectorDemo-Info.plist"; sourceTree = "<group>"; };
		09C5868918D09CD70023F613 /* en */ = {isa = PBXFileReference; lastKnownFileType = text.plist.strings; name = en; path = en.lproj/InfoPlist.strings; sourceTree = "<group>"; };
		09C5868B18D09CD70023F613 /* main.m */ = {isa = PBXFileReference; lastKnownFileType = sourcecode.c.objc; path = main.m; sourceTree = "<group>"; };
		09C5868D18D09CD70023F613 /* MonthSelectorDemo-Prefix.pch */ = {isa = PBXFileReference; lastKnownFileType = sourcecode.c.h; path = "MonthSelectorDemo-Prefix.pch"; sourceTree = "<group>"; };
		09C5868E18D09CD70023F613 /* AppDelegate.h */ = {isa = PBXFileReference; lastKnownFileType = sourcecode.c.h; path = AppDelegate.h; sourceTree = "<group>"; };
		09C5868F18D09CD70023F613 /* AppDelegate.m */ = {isa = PBXFileReference; lastKnownFileType = sourcecode.c.objc; path = AppDelegate.m; sourceTree = "<group>"; };
		09C5869218D09CD70023F613 /* Base */ = {isa = PBXFileReference; lastKnownFileType = file.storyboard; name = Base; path = Base.lproj/Main_iPhone.storyboard; sourceTree = "<group>"; };
		09C5869518D09CD70023F613 /* Base */ = {isa = PBXFileReference; lastKnownFileType = file.storyboard; name = Base; path = Base.lproj/Main_iPad.storyboard; sourceTree = "<group>"; };
		09C5869718D09CD70023F613 /* ViewController.h */ = {isa = PBXFileReference; lastKnownFileType = sourcecode.c.h; path = ViewController.h; sourceTree = "<group>"; };
		09C5869818D09CD70023F613 /* ViewController.m */ = {isa = PBXFileReference; lastKnownFileType = sourcecode.c.objc; path = ViewController.m; sourceTree = "<group>"; };
		09C5869A18D09CD70023F613 /* Images.xcassets */ = {isa = PBXFileReference; lastKnownFileType = folder.assetcatalog; path = Images.xcassets; sourceTree = "<group>"; };
		09C586A018D09CD70023F613 /* MonthSelectorDemoTests.xctest */ = {isa = PBXFileReference; explicitFileType = wrapper.cfbundle; includeInIndex = 0; path = MonthSelectorDemoTests.xctest; sourceTree = BUILT_PRODUCTS_DIR; };
		09C586A118D09CD70023F613 /* XCTest.framework */ = {isa = PBXFileReference; lastKnownFileType = wrapper.framework; name = XCTest.framework; path = Library/Frameworks/XCTest.framework; sourceTree = DEVELOPER_DIR; };
		09C586A918D09CD70023F613 /* MonthSelectorDemoTests-Info.plist */ = {isa = PBXFileReference; lastKnownFileType = text.plist.xml; path = "MonthSelectorDemoTests-Info.plist"; sourceTree = "<group>"; };
		09C586AB18D09CD70023F613 /* en */ = {isa = PBXFileReference; lastKnownFileType = text.plist.strings; name = en; path = en.lproj/InfoPlist.strings; sourceTree = "<group>"; };
		09C586AD18D09CD70023F613 /* MonthSelectorDemoTests.m */ = {isa = PBXFileReference; lastKnownFileType = sourcecode.c.objc; path = MonthSelectorDemoTests.m; sourceTree = "<group>"; };
		09C586B718D09E7D0023F613 /* MonthSelector.h */ = {isa = PBXFileReference; fileEncoding = 4; lastKnownFileType = sourcecode.c.h; path = MonthSelector.h; sourceTree = "<group>"; };
		09C586B818D09E7D0023F613 /* MonthSelector.m */ = {isa = PBXFileReference; fileEncoding = 4; lastKnownFileType = sourcecode.c.objc; path = MonthSelector.m; sourceTree = "<group>"; };
		09C586BB18D09F640023F613 /* QuartzCore.framework */ = {isa = PBXFileReference; lastKnownFileType = wrapper.framework; name = QuartzCore.framework; path = System/Library/Frameworks/QuartzCore.framework; sourceTree = SDKROOT; };
/* End PBXFileReference section */

/* Begin PBXFrameworksBuildPhase section */
		09C5867918D09CD70023F613 /* Frameworks */ = {
			isa = PBXFrameworksBuildPhase;
			buildActionMask = 2147483647;
			files = (
				09C586BC18D09F640023F613 /* QuartzCore.framework in Frameworks */,
				09C5868218D09CD70023F613 /* CoreGraphics.framework in Frameworks */,
				09C5868418D09CD70023F613 /* UIKit.framework in Frameworks */,
				09C5868018D09CD70023F613 /* Foundation.framework in Frameworks */,
			);
			runOnlyForDeploymentPostprocessing = 0;
		};
		09C5869D18D09CD70023F613 /* Frameworks */ = {
			isa = PBXFrameworksBuildPhase;
			buildActionMask = 2147483647;
			files = (
				09C586A218D09CD70023F613 /* XCTest.framework in Frameworks */,
				09C586A418D09CD70023F613 /* UIKit.framework in Frameworks */,
				09C586A318D09CD70023F613 /* Foundation.framework in Frameworks */,
			);
			runOnlyForDeploymentPostprocessing = 0;
		};
/* End PBXFrameworksBuildPhase section */

/* Begin PBXGroup section */
		09C5867318D09CD70023F613 = {
			isa = PBXGroup;
			children = (
				09C5868518D09CD70023F613 /* MonthSelectorDemo */,
				09C586A718D09CD70023F613 /* MonthSelectorDemoTests */,
				09C5867E18D09CD70023F613 /* Frameworks */,
				09C5867D18D09CD70023F613 /* Products */,
			);
			sourceTree = "<group>";
		};
		09C5867D18D09CD70023F613 /* Products */ = {
			isa = PBXGroup;
			children = (
				09C5867C18D09CD70023F613 /* MonthSelectorDemo.app */,
				09C586A018D09CD70023F613 /* MonthSelectorDemoTests.xctest */,
			);
			name = Products;
			sourceTree = "<group>";
		};
		09C5867E18D09CD70023F613 /* Frameworks */ = {
			isa = PBXGroup;
			children = (
				09C586BB18D09F640023F613 /* QuartzCore.framework */,
				09C5867F18D09CD70023F613 /* Foundation.framework */,
				09C5868118D09CD70023F613 /* CoreGraphics.framework */,
				09C5868318D09CD70023F613 /* UIKit.framework */,
				09C586A118D09CD70023F613 /* XCTest.framework */,
			);
			name = Frameworks;
			sourceTree = "<group>";
		};
		09C5868518D09CD70023F613 /* MonthSelectorDemo */ = {
			isa = PBXGroup;
			children = (
				09C586BA18D09E880023F613 /* View */,
				09C5868E18D09CD70023F613 /* AppDelegate.h */,
				09C5868F18D09CD70023F613 /* AppDelegate.m */,
				09C5869118D09CD70023F613 /* Main_iPhone.storyboard */,
				09C5869418D09CD70023F613 /* Main_iPad.storyboard */,
				09C5869718D09CD70023F613 /* ViewController.h */,
				09C5869818D09CD70023F613 /* ViewController.m */,
				09C5869A18D09CD70023F613 /* Images.xcassets */,
				09C5868618D09CD70023F613 /* Supporting Files */,
			);
			path = MonthSelectorDemo;
			sourceTree = "<group>";
		};
		09C5868618D09CD70023F613 /* Supporting Files */ = {
			isa = PBXGroup;
			children = (
				09C5868718D09CD70023F613 /* MonthSelectorDemo-Info.plist */,
				09C5868818D09CD70023F613 /* InfoPlist.strings */,
				09C5868B18D09CD70023F613 /* main.m */,
				09C5868D18D09CD70023F613 /* MonthSelectorDemo-Prefix.pch */,
			);
			name = "Supporting Files";
			sourceTree = "<group>";
		};
		09C586A718D09CD70023F613 /* MonthSelectorDemoTests */ = {
			isa = PBXGroup;
			children = (
				09C586AD18D09CD70023F613 /* MonthSelectorDemoTests.m */,
				09C586A818D09CD70023F613 /* Supporting Files */,
			);
			path = MonthSelectorDemoTests;
			sourceTree = "<group>";
		};
		09C586A818D09CD70023F613 /* Supporting Files */ = {
			isa = PBXGroup;
			children = (
				09C586A918D09CD70023F613 /* MonthSelectorDemoTests-Info.plist */,
				09C586AA18D09CD70023F613 /* InfoPlist.strings */,
			);
			name = "Supporting Files";
			sourceTree = "<group>";
		};
		09C586BA18D09E880023F613 /* View */ = {
			isa = PBXGroup;
			children = (
				09C586B718D09E7D0023F613 /* MonthSelector.h */,
				09C586B818D09E7D0023F613 /* MonthSelector.m */,
			);
			name = View;
			sourceTree = "<group>";
		};
/* End PBXGroup section */

/* Begin PBXNativeTarget section */
		09C5867B18D09CD70023F613 /* MonthSelectorDemo */ = {
			isa = PBXNativeTarget;
			buildConfigurationList = 09C586B118D09CD70023F613 /* Build configuration list for PBXNativeTarget "MonthSelectorDemo" */;
			buildPhases = (
				09C5867818D09CD70023F613 /* Sources */,
				09C5867918D09CD70023F613 /* Frameworks */,
				09C5867A18D09CD70023F613 /* Resources */,
			);
			buildRules = (
			);
			dependencies = (
			);
			name = MonthSelectorDemo;
			productName = MonthSelectorDemo;
			productReference = 09C5867C18D09CD70023F613 /* MonthSelectorDemo.app */;
			productType = "com.apple.product-type.application";
		};
		09C5869F18D09CD70023F613 /* MonthSelectorDemoTests */ = {
			isa = PBXNativeTarget;
			buildConfigurationList = 09C586B418D09CD70023F613 /* Build configuration list for PBXNativeTarget "MonthSelectorDemoTests" */;
			buildPhases = (
				09C5869C18D09CD70023F613 /* Sources */,
				09C5869D18D09CD70023F613 /* Frameworks */,
				09C5869E18D09CD70023F613 /* Resources */,
			);
			buildRules = (
			);
			dependencies = (
				09C586A618D09CD70023F613 /* PBXTargetDependency */,
			);
			name = MonthSelectorDemoTests;
			productName = MonthSelectorDemoTests;
			productReference = 09C586A018D09CD70023F613 /* MonthSelectorDemoTests.xctest */;
			productType = "com.apple.product-type.bundle.unit-test";
		};
/* End PBXNativeTarget section */

/* Begin PBXProject section */
		09C5867418D09CD70023F613 /* Project object */ = {
			isa = PBXProject;
			attributes = {
				LastUpgradeCheck = 0500;
				ORGANIZATIONNAME = RKD;
				TargetAttributes = {
					09C5869F18D09CD70023F613 = {
						TestTargetID = 09C5867B18D09CD70023F613;
					};
				};
			};
			buildConfigurationList = 09C5867718D09CD70023F613 /* Build configuration list for PBXProject "MonthSelectorDemo" */;
			compatibilityVersion = "Xcode 3.2";
			developmentRegion = English;
			hasScannedForEncodings = 0;
			knownRegions = (
				en,
				Base,
			);
			mainGroup = 09C5867318D09CD70023F613;
			productRefGroup = 09C5867D18D09CD70023F613 /* Products */;
			projectDirPath = "";
			projectRoot = "";
			targets = (
				09C5867B18D09CD70023F613 /* MonthSelectorDemo */,
				09C5869F18D09CD70023F613 /* MonthSelectorDemoTests */,
			);
		};
/* End PBXProject section */

/* Begin PBXResourcesBuildPhase section */
		09C5867A18D09CD70023F613 /* Resources */ = {
			isa = PBXResourcesBuildPhase;
			buildActionMask = 2147483647;
			files = (
				09C5869618D09CD70023F613 /* Main_iPad.storyboard in Resources */,
				09C5869B18D09CD70023F613 /* Images.xcassets in Resources */,
				09C5869318D09CD70023F613 /* Main_iPhone.storyboard in Resources */,
				09C5868A18D09CD70023F613 /* InfoPlist.strings in Resources */,
			);
			runOnlyForDeploymentPostprocessing = 0;
		};
		09C5869E18D09CD70023F613 /* Resources */ = {
			isa = PBXResourcesBuildPhase;
			buildActionMask = 2147483647;
			files = (
				09C586AC18D09CD70023F613 /* InfoPlist.strings in Resources */,
			);
			runOnlyForDeploymentPostprocessing = 0;
		};
/* End PBXResourcesBuildPhase section */

/* Begin PBXSourcesBuildPhase section */
		09C5867818D09CD70023F613 /* Sources */ = {
			isa = PBXSourcesBuildPhase;
			buildActionMask = 2147483647;
			files = (
				09C5869918D09CD70023F613 /* ViewController.m in Sources */,
				09C586B918D09E7D0023F613 /* MonthSelector.m in Sources */,
				09C5869018D09CD70023F613 /* AppDelegate.m in Sources */,
				09C5868C18D09CD70023F613 /* main.m in Sources */,
			);
			runOnlyForDeploymentPostprocessing = 0;
		};
		09C5869C18D09CD70023F613 /* Sources */ = {
			isa = PBXSourcesBuildPhase;
			buildActionMask = 2147483647;
			files = (
				09C586AE18D09CD70023F613 /* MonthSelectorDemoTests.m in Sources */,
			);
			runOnlyForDeploymentPostprocessing = 0;
		};
/* End PBXSourcesBuildPhase section */

/* Begin PBXTargetDependency section */
		09C586A618D09CD70023F613 /* PBXTargetDependency */ = {
			isa = PBXTargetDependency;
			target = 09C5867B18D09CD70023F613 /* MonthSelectorDemo */;
			targetProxy = 09C586A518D09CD70023F613 /* PBXContainerItemProxy */;
		};
/* End PBXTargetDependency section */

/* Begin PBXVariantGroup section */
		09C5868818D09CD70023F613 /* InfoPlist.strings */ = {
			isa = PBXVariantGroup;
			children = (
				09C5868918D09CD70023F613 /* en */,
			);
			name = InfoPlist.strings;
			sourceTree = "<group>";
		};
		09C5869118D09CD70023F613 /* Main_iPhone.storyboard */ = {
			isa = PBXVariantGroup;
			children = (
				09C5869218D09CD70023F613 /* Base */,
			);
			name = Main_iPhone.storyboard;
			sourceTree = "<group>";
		};
		09C5869418D09CD70023F613 /* Main_iPad.storyboard */ = {
			isa = PBXVariantGroup;
			children = (
				09C5869518D09CD70023F613 /* Base */,
			);
			name = Main_iPad.storyboard;
			sourceTree = "<group>";
		};
		09C586AA18D09CD70023F613 /* InfoPlist.strings */ = {
			isa = PBXVariantGroup;
			children = (
				09C586AB18D09CD70023F613 /* en */,
			);
			name = InfoPlist.strings;
			sourceTree = "<group>";
		};
/* End PBXVariantGroup section */

/* Begin XCBuildConfiguration section */
		09C586AF18D09CD70023F613 /* Debug */ = {
			isa = XCBuildConfiguration;
			buildSettings = {
				ALWAYS_SEARCH_USER_PATHS = NO;
				ARCHS = "$(ARCHS_STANDARD_INCLUDING_64_BIT)";
				CLANG_CXX_LANGUAGE_STANDARD = "gnu++0x";
				CLANG_CXX_LIBRARY = "libc++";
				CLANG_ENABLE_MODULES = YES;
				CLANG_ENABLE_OBJC_ARC = YES;
				CLANG_WARN_BOOL_CONVERSION = YES;
				CLANG_WARN_CONSTANT_CONVERSION = YES;
				CLANG_WARN_DIRECT_OBJC_ISA_USAGE = YES_ERROR;
				CLANG_WARN_EMPTY_BODY = YES;
				CLANG_WARN_ENUM_CONVERSION = YES;
				CLANG_WARN_INT_CONVERSION = YES;
				CLANG_WARN_OBJC_ROOT_CLASS = YES_ERROR;
				CLANG_WARN__DUPLICATE_METHOD_MATCH = YES;
				"CODE_SIGN_IDENTITY[sdk=iphoneos*]" = "iPhone Developer";
				COPY_PHASE_STRIP = NO;
				GCC_C_LANGUAGE_STANDARD = gnu99;
				GCC_DYNAMIC_NO_PIC = NO;
				GCC_OPTIMIZATION_LEVEL = 0;
				GCC_PREPROCESSOR_DEFINITIONS = (
					"DEBUG=1",
					"$(inherited)",
				);
				GCC_SYMBOLS_PRIVATE_EXTERN = NO;
				GCC_WARN_64_TO_32_BIT_CONVERSION = YES;
				GCC_WARN_ABOUT_RETURN_TYPE = YES_ERROR;
				GCC_WARN_UNDECLARED_SELECTOR = YES;
				GCC_WARN_UNINITIALIZED_AUTOS = YES;
				GCC_WARN_UNUSED_FUNCTION = YES;
				GCC_WARN_UNUSED_VARIABLE = YES;
				IPHONEOS_DEPLOYMENT_TARGET = 7.0;
				ONLY_ACTIVE_ARCH = YES;
				SDKROOT = iphoneos;
				TARGETED_DEVICE_FAMILY = "1,2";
			};
			name = Debug;
		};
		09C586B018D09CD70023F613 /* Release */ = {
			isa = XCBuildConfiguration;
			buildSettings = {
				ALWAYS_SEARCH_USER_PATHS = NO;
				ARCHS = "$(ARCHS_STANDARD_INCLUDING_64_BIT)";
				CLANG_CXX_LANGUAGE_STANDARD = "gnu++0x";
				CLANG_CXX_LIBRARY = "libc++";
				CLANG_ENABLE_MODULES = YES;
				CLANG_ENABLE_OBJC_ARC = YES;
				CLANG_WARN_BOOL_CONVERSION = YES;
				CLANG_WARN_CONSTANT_CONVERSION = YES;
				CLANG_WARN_DIRECT_OBJC_ISA_USAGE = YES_ERROR;
				CLANG_WARN_EMPTY_BODY = YES;
				CLANG_WARN_ENUM_CONVERSION = YES;
				CLANG_WARN_INT_CONVERSION = YES;
				CLANG_WARN_OBJC_ROOT_CLASS = YES_ERROR;
				CLANG_WARN__DUPLICATE_METHOD_MATCH = YES;
				"CODE_SIGN_IDENTITY[sdk=iphoneos*]" = "iPhone Developer";
				COPY_PHASE_STRIP = YES;
				ENABLE_NS_ASSERTIONS = NO;
				GCC_C_LANGUAGE_STANDARD = gnu99;
				GCC_WARN_64_TO_32_BIT_CONVERSION = YES;
				GCC_WARN_ABOUT_RETURN_TYPE = YES_ERROR;
				GCC_WARN_UNDECLARED_SELECTOR = YES;
				GCC_WARN_UNINITIALIZED_AUTOS = YES;
				GCC_WARN_UNUSED_FUNCTION = YES;
				GCC_WARN_UNUSED_VARIABLE = YES;
				IPHONEOS_DEPLOYMENT_TARGET = 7.0;
				SDKROOT = iphoneos;
				TARGETED_DEVICE_FAMILY = "1,2";
				VALIDATE_PRODUCT = YES;
			};
			name = Release;
		};
		09C586B218D09CD70023F613 /* Debug */ = {
			isa = XCBuildConfiguration;
			buildSettings = {
				ASSETCATALOG_COMPILER_APPICON_NAME = AppIcon;
				ASSETCATALOG_COMPILER_LAUNCHIMAGE_NAME = LaunchImage;
				"CODE_SIGN_IDENTITY[sdk=iphoneos*]" = "";
				GCC_PRECOMPILE_PREFIX_HEADER = YES;
				GCC_PREFIX_HEADER = "MonthSelectorDemo/MonthSelectorDemo-Prefix.pch";
				INFOPLIST_FILE = "MonthSelectorDemo/MonthSelectorDemo-Info.plist";
				IPHONEOS_DEPLOYMENT_TARGET = 6.1;
				PRODUCT_NAME = "$(TARGET_NAME)";
				WRAPPER_EXTENSION = app;
			};
			name = Debug;
		};
		09C586B318D09CD70023F613 /* Release */ = {
			isa = XCBuildConfiguration;
			buildSettings = {
				ASSETCATALOG_COMPILER_APPICON_NAME = AppIcon;
				ASSETCATALOG_COMPILER_LAUNCHIMAGE_NAME = LaunchImage;
				"CODE_SIGN_IDENTITY[sdk=iphoneos*]" = "";
				GCC_PRECOMPILE_PREFIX_HEADER = YES;
				GCC_PREFIX_HEADER = "MonthSelectorDemo/MonthSelectorDemo-Prefix.pch";
				INFOPLIST_FILE = "MonthSelectorDemo/MonthSelectorDemo-Info.plist";
				IPHONEOS_DEPLOYMENT_TARGET = 6.1;
				PRODUCT_NAME = "$(TARGET_NAME)";
				WRAPPER_EXTENSION = app;
			};
			name = Release;
		};
		09C586B518D09CD70023F613 /* Debug */ = {
			isa = XCBuildConfiguration;
			buildSettings = {
				ARCHS = "$(ARCHS_STANDARD_INCLUDING_64_BIT)";
				BUNDLE_LOADER = "$(BUILT_PRODUCTS_DIR)/MonthSelectorDemo.app/MonthSelectorDemo";
				FRAMEWORK_SEARCH_PATHS = (
					"$(SDKROOT)/Developer/Library/Frameworks",
					"$(inherited)",
					"$(DEVELOPER_FRAMEWORKS_DIR)",
				);
				GCC_PRECOMPILE_PREFIX_HEADER = YES;
				GCC_PREFIX_HEADER = "MonthSelectorDemo/MonthSelectorDemo-Prefix.pch";
				GCC_PREPROCESSOR_DEFINITIONS = (
					"DEBUG=1",
					"$(inherited)",
				);
				INFOPLIST_FILE = "MonthSelectorDemoTests/MonthSelectorDemoTests-Info.plist";
				PRODUCT_NAME = "$(TARGET_NAME)";
				TEST_HOST = "$(BUNDLE_LOADER)";
				WRAPPER_EXTENSION = xctest;
			};
			name = Debug;
		};
		09C586B618D09CD70023F613 /* Release */ = {
			isa = XCBuildConfiguration;
			buildSettings = {
				ARCHS = "$(ARCHS_STANDARD_INCLUDING_64_BIT)";
				BUNDLE_LOADER = "$(BUILT_PRODUCTS_DIR)/MonthSelectorDemo.app/MonthSelectorDemo";
				FRAMEWORK_SEARCH_PATHS = (
					"$(SDKROOT)/Developer/Library/Frameworks",
					"$(inherited)",
					"$(DEVELOPER_FRAMEWORKS_DIR)",
				);
				GCC_PRECOMPILE_PREFIX_HEADER = YES;
				GCC_PREFIX_HEADER = "MonthSelectorDemo/MonthSelectorDemo-Prefix.pch";
				INFOPLIST_FILE = "MonthSelectorDemoTests/MonthSelectorDemoTests-Info.plist";
				PRODUCT_NAME = "$(TARGET_NAME)";
				TEST_HOST = "$(BUNDLE_LOADER)";
				WRAPPER_EXTENSION = xctest;
			};
			name = Release;
		};
/* End XCBuildConfiguration section */

/* Begin XCConfigurationList section */
		09C5867718D09CD70023F613 /* Build configuration list for PBXProject "MonthSelectorDemo" */ = {
			isa = XCConfigurationList;
			buildConfigurations = (
				09C586AF18D09CD70023F613 /* Debug */,
				09C586B018D09CD70023F613 /* Release */,
			);
			defaultConfigurationIsVisible = 0;
			defaultConfigurationName = Release;
		};
		09C586B118D09CD70023F613 /* Build configuration list for PBXNativeTarget "MonthSelectorDemo" */ = {
			isa = XCConfigurationList;
			buildConfigurations = (
				09C586B218D09CD70023F613 /* Debug */,
				09C586B318D09CD70023F613 /* Release */,
			);
			defaultConfigurationIsVisible = 0;
		};
		09C586B418D09CD70023F613 /* Build configuration list for PBXNativeTarget "MonthSelectorDemoTests" */ = {
			isa = XCConfigurationList;
			buildConfigurations = (
				09C586B518D09CD70023F613 /* Debug */,
				09C586B618D09CD70023F613 /* Release */,
			);
			defaultConfigurationIsVisible = 0;
		};
/* End XCConfigurationList section */
	};
	rootObject = 09C5867418D09CD70023F613 /* Project object */;
}
